// !$*UTF8*$!
{
	archiveVersion = 1;
	classes = {
	};
	objectVersion = 46;
	objects = {

/* Begin PBXBuildFile section */
		EBA33DE3181E8E3500B56CBA /* Foundation.framework in Frameworks */ = {isa = PBXBuildFile; fileRef = EBA33DE2181E8E3500B56CBA /* Foundation.framework */; };
		EBA33DE5181E8E3500B56CBA /* CoreGraphics.framework in Frameworks */ = {isa = PBXBuildFile; fileRef = EBA33DE4181E8E3500B56CBA /* CoreGraphics.framework */; };
		EBA33DE7181E8E3500B56CBA /* UIKit.framework in Frameworks */ = {isa = PBXBuildFile; fileRef = EBA33DE6181E8E3500B56CBA /* UIKit.framework */; };
		EBA33DED181E8E3500B56CBA /* InfoPlist.strings in Resources */ = {isa = PBXBuildFile; fileRef = EBA33DEB181E8E3500B56CBA /* InfoPlist.strings */; };
		EBA33DEF181E8E3500B56CBA /* main.m in Sources */ = {isa = PBXBuildFile; fileRef = EBA33DEE181E8E3500B56CBA /* main.m */; };
		EBA33DF3181E8E3600B56CBA /* AppDelegate.m in Sources */ = {isa = PBXBuildFile; fileRef = EBA33DF2181E8E3600B56CBA /* AppDelegate.m */; };
		EBA33DF5181E8E3600B56CBA /* Images.xcassets in Resources */ = {isa = PBXBuildFile; fileRef = EBA33DF4181E8E3600B56CBA /* Images.xcassets */; };
		EBA33DFC181E8E3600B56CBA /* XCTest.framework in Frameworks */ = {isa = PBXBuildFile; fileRef = EBA33DFB181E8E3600B56CBA /* XCTest.framework */; };
		EBA33DFD181E8E3600B56CBA /* Foundation.framework in Frameworks */ = {isa = PBXBuildFile; fileRef = EBA33DE2181E8E3500B56CBA /* Foundation.framework */; };
		EBA33DFE181E8E3600B56CBA /* UIKit.framework in Frameworks */ = {isa = PBXBuildFile; fileRef = EBA33DE6181E8E3500B56CBA /* UIKit.framework */; };
		EBA33E06181E8E3600B56CBA /* InfoPlist.strings in Resources */ = {isa = PBXBuildFile; fileRef = EBA33E04181E8E3600B56CBA /* InfoPlist.strings */; };
		EBA33E08181E8E3600B56CBA /* ToDoListTests.m in Sources */ = {isa = PBXBuildFile; fileRef = EBA33E07181E8E3600B56CBA /* ToDoListTests.m */; };
/* End PBXBuildFile section */

/* Begin PBXContainerItemProxy section */
		EBA33DFF181E8E3600B56CBA /* PBXContainerItemProxy */ = {
			isa = PBXContainerItemProxy;
			containerPortal = EBA33DD7181E8E3500B56CBA /* Project object */;
			proxyType = 1;
			remoteGlobalIDString = EBA33DDE181E8E3500B56CBA;
			remoteInfo = ToDoList;
		};
/* End PBXContainerItemProxy section */

/* Begin PBXFileReference section */
		EBA33DDF181E8E3500B56CBA /* ToDoList.app */ = {isa = PBXFileReference; explicitFileType = wrapper.application; includeInIndex = 0; path = ToDoList.app; sourceTree = BUILT_PRODUCTS_DIR; };
		EBA33DE2181E8E3500B56CBA /* Foundation.framework */ = {isa = PBXFileReference; lastKnownFileType = wrapper.framework; name = Foundation.framework; path = System/Library/Frameworks/Foundation.framework; sourceTree = SDKROOT; };
		EBA33DE4181E8E3500B56CBA /* CoreGraphics.framework */ = {isa = PBXFileReference; lastKnownFileType = wrapper.framework; name = CoreGraphics.framework; path = System/Library/Frameworks/CoreGraphics.framework; sourceTree = SDKROOT; };
		EBA33DE6181E8E3500B56CBA /* UIKit.framework */ = {isa = PBXFileReference; lastKnownFileType = wrapper.framework; name = UIKit.framework; path = System/Library/Frameworks/UIKit.framework; sourceTree = SDKROOT; };
		EBA33DEA181E8E3500B56CBA /* ToDoList-Info.plist */ = {isa = PBXFileReference; lastKnownFileType = text.plist.xml; path = "ToDoList-Info.plist"; sourceTree = "<group>"; };
		EBA33DEC181E8E3500B56CBA /* en */ = {isa = PBXFileReference; lastKnownFileType = text.plist.strings; name = en; path = en.lproj/InfoPlist.strings; sourceTree = "<group>"; };
		EBA33DEE181E8E3500B56CBA /* main.m */ = {isa = PBXFileReference; lastKnownFileType = sourcecode.c.objc; path = main.m; sourceTree = "<group>"; };
		EBA33DF0181E8E3500B56CBA /* ToDoList-Prefix.pch */ = {isa = PBXFileReference; lastKnownFileType = sourcecode.c.h; path = "ToDoList-Prefix.pch"; sourceTree = "<group>"; };
		EBA33DF1181E8E3600B56CBA /* AppDelegate.h */ = {isa = PBXFileReference; lastKnownFileType = sourcecode.c.h; path = AppDelegate.h; sourceTree = "<group>"; };
		EBA33DF2181E8E3600B56CBA /* AppDelegate.m */ = {isa = PBXFileReference; lastKnownFileType = sourcecode.c.objc; path = AppDelegate.m; sourceTree = "<group>"; };
		EBA33DF4181E8E3600B56CBA /* Images.xcassets */ = {isa = PBXFileReference; lastKnownFileType = folder.assetcatalog; path = Images.xcassets; sourceTree = "<group>"; };
		EBA33DFA181E8E3600B56CBA /* ToDoListTests.xctest */ = {isa = PBXFileReference; explicitFileType = wrapper.cfbundle; includeInIndex = 0; path = ToDoListTests.xctest; sourceTree = BUILT_PRODUCTS_DIR; };
		EBA33DFB181E8E3600B56CBA /* XCTest.framework */ = {isa = PBXFileReference; lastKnownFileType = wrapper.framework; name = XCTest.framework; path = Library/Frameworks/XCTest.framework; sourceTree = DEVELOPER_DIR; };
		EBA33E03181E8E3600B56CBA /* ToDoListTests-Info.plist */ = {isa = PBXFileReference; lastKnownFileType = text.plist.xml; path = "ToDoListTests-Info.plist"; sourceTree = "<group>"; };
		EBA33E05181E8E3600B56CBA /* en */ = {isa = PBXFileReference; lastKnownFileType = text.plist.strings; name = en; path = en.lproj/InfoPlist.strings; sourceTree = "<group>"; };
		EBA33E07181E8E3600B56CBA /* ToDoListTests.m */ = {isa = PBXFileReference; lastKnownFileType = sourcecode.c.objc; path = ToDoListTests.m; sourceTree = "<group>"; };
/* End PBXFileReference section */

/* Begin PBXFrameworksBuildPhase section */
		EBA33DDC181E8E3500B56CBA /* Frameworks */ = {
			isa = PBXFrameworksBuildPhase;
			buildActionMask = 2147483647;
			files = (
				EBA33DE5181E8E3500B56CBA /* CoreGraphics.framework in Frameworks */,
				EBA33DE7181E8E3500B56CBA /* UIKit.framework in Frameworks */,
				EBA33DE3181E8E3500B56CBA /* Foundation.framework in Frameworks */,
			);
			runOnlyForDeploymentPostprocessing = 0;
		};
		EBA33DF7181E8E3600B56CBA /* Frameworks */ = {
			isa = PBXFrameworksBuildPhase;
			buildActionMask = 2147483647;
			files = (
				EBA33DFC181E8E3600B56CBA /* XCTest.framework in Frameworks */,
				EBA33DFE181E8E3600B56CBA /* UIKit.framework in Frameworks */,
				EBA33DFD181E8E3600B56CBA /* Foundation.framework in Frameworks */,
			);
			runOnlyForDeploymentPostprocessing = 0;
		};
/* End PBXFrameworksBuildPhase section */

/* Begin PBXGroup section */
		EBA33DD6181E8E3500B56CBA = {
			isa = PBXGroup;
			children = (
				EBA33DE8181E8E3500B56CBA /* ToDoList */,
				EBA33E01181E8E3600B56CBA /* ToDoListTests */,
				EBA33DE1181E8E3500B56CBA /* Frameworks */,
				EBA33DE0181E8E3500B56CBA /* Products */,
			);
			sourceTree = "<group>";
		};
		EBA33DE0181E8E3500B56CBA /* Products */ = {
			isa = PBXGroup;
			children = (
				EBA33DDF181E8E3500B56CBA /* ToDoList.app */,
				EBA33DFA181E8E3600B56CBA /* ToDoListTests.xctest */,
			);
			name = Products;
			sourceTree = "<group>";
		};
		EBA33DE1181E8E3500B56CBA /* Frameworks */ = {
			isa = PBXGroup;
			children = (
				EBA33DE2181E8E3500B56CBA /* Foundation.framework */,
				EBA33DE4181E8E3500B56CBA /* CoreGraphics.framework */,
				EBA33DE6181E8E3500B56CBA /* UIKit.framework */,
				EBA33DFB181E8E3600B56CBA /* XCTest.framework */,
			);
			name = Frameworks;
			sourceTree = "<group>";
		};
		EBA33DE8181E8E3500B56CBA /* ToDoList */ = {
			isa = PBXGroup;
			children = (
				EBA33DF1181E8E3600B56CBA /* AppDelegate.h */,
				EBA33DF2181E8E3600B56CBA /* AppDelegate.m */,
				EBA33DF4181E8E3600B56CBA /* Images.xcassets */,
				EBA33DE9181E8E3500B56CBA /* Supporting Files */,
			);
			path = ToDoList;
			sourceTree = "<group>";
		};
		EBA33DE9181E8E3500B56CBA /* Supporting Files */ = {
			isa = PBXGroup;
			children = (
				EBA33DEA181E8E3500B56CBA /* ToDoList-Info.plist */,
				EBA33DEB181E8E3500B56CBA /* InfoPlist.strings */,
				EBA33DEE181E8E3500B56CBA /* main.m */,
				EBA33DF0181E8E3500B56CBA /* ToDoList-Prefix.pch */,
			);
			name = "Supporting Files";
			sourceTree = "<group>";
		};
		EBA33E01181E8E3600B56CBA /* ToDoListTests */ = {
			isa = PBXGroup;
			children = (
				EBA33E07181E8E3600B56CBA /* ToDoListTests.m */,
				EBA33E02181E8E3600B56CBA /* Supporting Files */,
			);
			path = ToDoListTests;
			sourceTree = "<group>";
		};
		EBA33E02181E8E3600B56CBA /* Supporting Files */ = {
			isa = PBXGroup;
			children = (
				EBA33E03181E8E3600B56CBA /* ToDoListTests-Info.plist */,
				EBA33E04181E8E3600B56CBA /* InfoPlist.strings */,
			);
			name = "Supporting Files";
			sourceTree = "<group>";
		};
/* End PBXGroup section */

/* Begin PBXNativeTarget section */
		EBA33DDE181E8E3500B56CBA /* ToDoList */ = {
			isa = PBXNativeTarget;
			buildConfigurationList = EBA33E0B181E8E3600B56CBA /* Build configuration list for PBXNativeTarget "ToDoList" */;
			buildPhases = (
				EBA33DDB181E8E3500B56CBA /* Sources */,
				EBA33DDC181E8E3500B56CBA /* Frameworks */,
				EBA33DDD181E8E3500B56CBA /* Resources */,
			);
			buildRules = (
			);
			dependencies = (
			);
			name = ToDoList;
			productName = ToDoList;
			productReference = EBA33DDF181E8E3500B56CBA /* ToDoList.app */;
			productType = "com.apple.product-type.application";
		};
		EBA33DF9181E8E3600B56CBA /* ToDoListTests */ = {
			isa = PBXNativeTarget;
			buildConfigurationList = EBA33E0E181E8E3600B56CBA /* Build configuration list for PBXNativeTarget "ToDoListTests" */;
			buildPhases = (
				EBA33DF6181E8E3600B56CBA /* Sources */,
				EBA33DF7181E8E3600B56CBA /* Frameworks */,
				EBA33DF8181E8E3600B56CBA /* Resources */,
			);
			buildRules = (
			);
			dependencies = (
				EBA33E00181E8E3600B56CBA /* PBXTargetDependency */,
			);
			name = ToDoListTests;
			productName = ToDoListTests;
			productReference = EBA33DFA181E8E3600B56CBA /* ToDoListTests.xctest */;
			productType = "com.apple.product-type.bundle.unit-test";
		};
/* End PBXNativeTarget section */

/* Begin PBXProject section */
		EBA33DD7181E8E3500B56CBA /* Project object */ = {
			isa = PBXProject;
			attributes = {
				LastUpgradeCheck = 0500;
				ORGANIZATIONNAME = "Attila Csala";
				TargetAttributes = {
					EBA33DF9181E8E3600B56CBA = {
						TestTargetID = EBA33DDE181E8E3500B56CBA;
					};
				};
			};
			buildConfigurationList = EBA33DDA181E8E3500B56CBA /* Build configuration list for PBXProject "ToDoList" */;
			compatibilityVersion = "Xcode 3.2";
			developmentRegion = English;
			hasScannedForEncodings = 0;
			knownRegions = (
				en,
			);
			mainGroup = EBA33DD6181E8E3500B56CBA;
			productRefGroup = EBA33DE0181E8E3500B56CBA /* Products */;
			projectDirPath = "";
			projectRoot = "";
			targets = (
				EBA33DDE181E8E3500B56CBA /* ToDoList */,
				EBA33DF9181E8E3600B56CBA /* ToDoListTests */,
			);
		};
/* End PBXProject section */

/* Begin PBXResourcesBuildPhase section */
		EBA33DDD181E8E3500B56CBA /* Resources */ = {
			isa = PBXResourcesBuildPhase;
			buildActionMask = 2147483647;
			files = (
				EBA33DED181E8E3500B56CBA /* InfoPlist.strings in Resources */,
				EBA33DF5181E8E3600B56CBA /* Images.xcassets in Resources */,
			);
			runOnlyForDeploymentPostprocessing = 0;
		};
		EBA33DF8181E8E3600B56CBA /* Resources */ = {
			isa = PBXResourcesBuildPhase;
			buildActionMask = 2147483647;
			files = (
				EBA33E06181E8E3600B56CBA /* InfoPlist.strings in Resources */,
			);
			runOnlyForDeploymentPostprocessing = 0;
		};
/* End PBXResourcesBuildPhase section */

/* Begin PBXSourcesBuildPhase section */
		EBA33DDB181E8E3500B56CBA /* Sources */ = {
			isa = PBXSourcesBuildPhase;
			buildActionMask = 2147483647;
			files = (
				EBA33DF3181E8E3600B56CBA /* AppDelegate.m in Sources */,
				EBA33DEF181E8E3500B56CBA /* main.m in Sources */,
			);
			runOnlyForDeploymentPostprocessing = 0;
		};
		EBA33DF6181E8E3600B56CBA /* Sources */ = {
			isa = PBXSourcesBuildPhase;
			buildActionMask = 2147483647;
			files = (
				EBA33E08181E8E3600B56CBA /* ToDoListTests.m in Sources */,
			);
			runOnlyForDeploymentPostprocessing = 0;
		};
/* End PBXSourcesBuildPhase section */

/* Begin PBXTargetDependency section */
		EBA33E00181E8E3600B56CBA /* PBXTargetDependency */ = {
			isa = PBXTargetDependency;
			target = EBA33DDE181E8E3500B56CBA /* ToDoList */;
			targetProxy = EBA33DFF181E8E3600B56CBA /* PBXContainerItemProxy */;
		};
/* End PBXTargetDependency section */

/* Begin PBXVariantGroup section */
		EBA33DEB181E8E3500B56CBA /* InfoPlist.strings */ = {
			isa = PBXVariantGroup;
			children = (
				EBA33DEC181E8E3500B56CBA /* en */,
			);
			name = InfoPlist.strings;
			sourceTree = "<group>";
		};
		EBA33E04181E8E3600B56CBA /* InfoPlist.strings */ = {
			isa = PBXVariantGroup;
			children = (
				EBA33E05181E8E3600B56CBA /* en */,
			);
			name = InfoPlist.strings;
			sourceTree = "<group>";
		};
/* End PBXVariantGroup section */

/* Begin XCBuildConfiguration section */
		EBA33E09181E8E3600B56CBA /* Debug */ = {
			isa = XCBuildConfiguration;
			buildSettings = {
				ALWAYS_SEARCH_USER_PATHS = NO;
				ARCHS = "$(ARCHS_STANDARD_INCLUDING_64_BIT)";
				CLANG_CXX_LANGUAGE_STANDARD = "gnu++0x";
				CLANG_CXX_LIBRARY = "libc++";
				CLANG_ENABLE_MODULES = YES;
				CLANG_ENABLE_OBJC_ARC = YES;
				CLANG_WARN_BOOL_CONVERSION = YES;
				CLANG_WARN_CONSTANT_CONVERSION = YES;
				CLANG_WARN_DIRECT_OBJC_ISA_USAGE = YES_ERROR;
				CLANG_WARN_EMPTY_BODY = YES;
				CLANG_WARN_ENUM_CONVERSION = YES;
				CLANG_WARN_INT_CONVERSION = YES;
				CLANG_WARN_OBJC_ROOT_CLASS = YES_ERROR;
				CLANG_WARN__DUPLICATE_METHOD_MATCH = YES;
				"CODE_SIGN_IDENTITY[sdk=iphoneos*]" = "iPhone Developer";
				COPY_PHASE_STRIP = NO;
				GCC_C_LANGUAGE_STANDARD = gnu99;
				GCC_DYNAMIC_NO_PIC = NO;
				GCC_OPTIMIZATION_LEVEL = 0;
				GCC_PREPROCESSOR_DEFINITIONS = (
					"DEBUG=1",
					"$(inherited)",
				);
				GCC_SYMBOLS_PRIVATE_EXTERN = NO;
				GCC_WARN_64_TO_32_BIT_CONVERSION = YES;
				GCC_WARN_ABOUT_RETURN_TYPE = YES_ERROR;
				GCC_WARN_UNDECLARED_SELECTOR = YES;
				GCC_WARN_UNINITIALIZED_AUTOS = YES;
				GCC_WARN_UNUSED_FUNCTION = YES;
				GCC_WARN_UNUSED_VARIABLE = YES;
				IPHONEOS_DEPLOYMENT_TARGET = 7.0;
				ONLY_ACTIVE_ARCH = YES;
				SDKROOT = iphoneos;
			};
			name = Debug;
		};
		EBA33E0A181E8E3600B56CBA /* Release */ = {
			isa = XCBuildConfiguration;
			buildSettings = {
				ALWAYS_SEARCH_USER_PATHS = NO;
				ARCHS = "$(ARCHS_STANDARD_INCLUDING_64_BIT)";
				CLANG_CXX_LANGUAGE_STANDARD = "gnu++0x";
				CLANG_CXX_LIBRARY = "libc++";
				CLANG_ENABLE_MODULES = YES;
				CLANG_ENABLE_OBJC_ARC = YES;
				CLANG_WARN_BOOL_CONVERSION = YES;
				CLANG_WARN_CONSTANT_CONVERSION = YES;
				CLANG_WARN_DIRECT_OBJC_ISA_USAGE = YES_ERROR;
				CLANG_WARN_EMPTY_BODY = YES;
				CLANG_WARN_ENUM_CONVERSION = YES;
				CLANG_WARN_INT_CONVERSION = YES;
				CLANG_WARN_OBJC_ROOT_CLASS = YES_ERROR;
				CLANG_WARN__DUPLICATE_METHOD_MATCH = YES;
				"CODE_SIGN_IDENTITY[sdk=iphoneos*]" = "iPhone Developer";
				COPY_PHASE_STRIP = YES;
				ENABLE_NS_ASSERTIONS = NO;
				GCC_C_LANGUAGE_STANDARD = gnu99;
				GCC_WARN_64_TO_32_BIT_CONVERSION = YES;
				GCC_WARN_ABOUT_RETURN_TYPE = YES_ERROR;
				GCC_WARN_UNDECLARED_SELECTOR = YES;
				GCC_WARN_UNINITIALIZED_AUTOS = YES;
				GCC_WARN_UNUSED_FUNCTION = YES;
				GCC_WARN_UNUSED_VARIABLE = YES;
				IPHONEOS_DEPLOYMENT_TARGET = 7.0;
				SDKROOT = iphoneos;
				VALIDATE_PRODUCT = YES;
			};
			name = Release;
		};
		EBA33E0C181E8E3600B56CBA /* Debug */ = {
			isa = XCBuildConfiguration;
			buildSettings = {
				ASSETCATALOG_COMPILER_APPICON_NAME = AppIcon;
				ASSETCATALOG_COMPILER_LAUNCHIMAGE_NAME = LaunchImage;
				GCC_PRECOMPILE_PREFIX_HEADER = YES;
				GCC_PREFIX_HEADER = "ToDoList/ToDoList-Prefix.pch";
				INFOPLIST_FILE = "ToDoList/ToDoList-Info.plist";
				PRODUCT_NAME = "$(TARGET_NAME)";
				WRAPPER_EXTENSION = app;
			};
			name = Debug;
		};
		EBA33E0D181E8E3600B56CBA /* Release */ = {
			isa = XCBuildConfiguration;
			buildSettings = {
				ASSETCATALOG_COMPILER_APPICON_NAME = AppIcon;
				ASSETCATALOG_COMPILER_LAUNCHIMAGE_NAME = LaunchImage;
				GCC_PRECOMPILE_PREFIX_HEADER = YES;
				GCC_PREFIX_HEADER = "ToDoList/ToDoList-Prefix.pch";
				INFOPLIST_FILE = "ToDoList/ToDoList-Info.plist";
				PRODUCT_NAME = "$(TARGET_NAME)";
				WRAPPER_EXTENSION = app;
			};
			name = Release;
		};
		EBA33E0F181E8E3600B56CBA /* Debug */ = {
			isa = XCBuildConfiguration;
			buildSettings = {
				ARCHS = "$(ARCHS_STANDARD_INCLUDING_64_BIT)";
				BUNDLE_LOADER = "$(BUILT_PRODUCTS_DIR)/ToDoList.app/ToDoList";
				FRAMEWORK_SEARCH_PATHS = (
					"$(SDKROOT)/Developer/Library/Frameworks",
					"$(inherited)",
					"$(DEVELOPER_FRAMEWORKS_DIR)",
				);
				GCC_PRECOMPILE_PREFIX_HEADER = YES;
				GCC_PREFIX_HEADER = "ToDoList/ToDoList-Prefix.pch";
				GCC_PREPROCESSOR_DEFINITIONS = (
					"DEBUG=1",
					"$(inherited)",
				);
				INFOPLIST_FILE = "ToDoListTests/ToDoListTests-Info.plist";
				PRODUCT_NAME = "$(TARGET_NAME)";
				TEST_HOST = "$(BUNDLE_LOADER)";
				WRAPPER_EXTENSION = xctest;
			};
			name = Debug;
		};
		EBA33E10181E8E3600B56CBA /* Release */ = {
			isa = XCBuildConfiguration;
			buildSettings = {
				ARCHS = "$(ARCHS_STANDARD_INCLUDING_64_BIT)";
				BUNDLE_LOADER = "$(BUILT_PRODUCTS_DIR)/ToDoList.app/ToDoList";
				FRAMEWORK_SEARCH_PATHS = (
					"$(SDKROOT)/Developer/Library/Frameworks",
					"$(inherited)",
					"$(DEVELOPER_FRAMEWORKS_DIR)",
				);
				GCC_PRECOMPILE_PREFIX_HEADER = YES;
				GCC_PREFIX_HEADER = "ToDoList/ToDoList-Prefix.pch";
				INFOPLIST_FILE = "ToDoListTests/ToDoListTests-Info.plist";
				PRODUCT_NAME = "$(TARGET_NAME)";
				TEST_HOST = "$(BUNDLE_LOADER)";
				WRAPPER_EXTENSION = xctest;
			};
			name = Release;
		};
/* End XCBuildConfiguration section */

/* Begin XCConfigurationList section */
		EBA33DDA181E8E3500B56CBA /* Build configuration list for PBXProject "ToDoList" */ = {
			isa = XCConfigurationList;
			buildConfigurations = (
				EBA33E09181E8E3600B56CBA /* Debug */,
				EBA33E0A181E8E3600B56CBA /* Release */,
			);
			defaultConfigurationIsVisible = 0;
			defaultConfigurationName = Release;
		};
		EBA33E0B181E8E3600B56CBA /* Build configuration list for PBXNativeTarget "ToDoList" */ = {
			isa = XCConfigurationList;
			buildConfigurations = (
				EBA33E0C181E8E3600B56CBA /* Debug */,
				EBA33E0D181E8E3600B56CBA /* Release */,
			);
			defaultConfigurationIsVisible = 0;
		};
		EBA33E0E181E8E3600B56CBA /* Build configuration list for PBXNativeTarget "ToDoListTests" */ = {
			isa = XCConfigurationList;
			buildConfigurations = (
				EBA33E0F181E8E3600B56CBA /* Debug */,
				EBA33E10181E8E3600B56CBA /* Release */,
			);
			defaultConfigurationIsVisible = 0;
		};
/* End XCConfigurationList section */
	};
	rootObject = EBA33DD7181E8E3500B56CBA /* Project object */;
}
